{
  "name": "public-repo",
  "version": "1.0.0",
  "lockfileVersion": 3,
  "requires": true,
  "packages": {
    "": {
      "name": "public-repo",
      "version": "1.0.0",
      "license": "ISC",
      "dependencies": {
        "lodash": "^3.7.0"
      }
    },
    "node_modules/lodash": {
      "version": "3.7.0",
      "resolved": "https://registry.npmjs.org/lodash/-/lodash-3.7.0.tgz",
      "integrity": "sha512-73GDDlioRJOCHV8N9gnBEpjdWI34+e9AvMnS4qdqdMfl8/yH/dJP1tfuqUFccZ/deZQlHuJiRSuKXjKIfDwBOg=="
    }
  }
}
